// !$*UTF8*$!
{
	archiveVersion = 1;
	classes = {
	};
	objectVersion = 50;
	objects = {

/* Begin PBXBuildFile section */
		C47E5BF425E6629A00FB4E1B /* RoubaixApp.swift in Sources */ = {isa = PBXBuildFile; fileRef = C47E5BF325E6629A00FB4E1B /* RoubaixApp.swift */; };
		C47E5BF625E6629A00FB4E1B /* ContentView.swift in Sources */ = {isa = PBXBuildFile; fileRef = C47E5BF525E6629A00FB4E1B /* ContentView.swift */; };
		C47E5BF825E6629B00FB4E1B /* Assets.xcassets in Resources */ = {isa = PBXBuildFile; fileRef = C47E5BF725E6629B00FB4E1B /* Assets.xcassets */; };
		C47E5BFB25E6629B00FB4E1B /* Preview Assets.xcassets in Resources */ = {isa = PBXBuildFile; fileRef = C47E5BFA25E6629B00FB4E1B /* Preview Assets.xcassets */; };
		C48520DB25E81CE6008AB748 /* Workout.swift in Sources */ = {isa = PBXBuildFile; fileRef = C48520DA25E81CE6008AB748 /* Workout.swift */; };
		C48520DE25E81D6B008AB748 /* Interval.swift in Sources */ = {isa = PBXBuildFile; fileRef = C48520DD25E81D6B008AB748 /* Interval.swift */; };
		C48520E225E8317B008AB748 /* WorkoutDetail.swift in Sources */ = {isa = PBXBuildFile; fileRef = C48520E125E8317B008AB748 /* WorkoutDetail.swift */; };
		C48520E525E832AD008AB748 /* Data.swift in Sources */ = {isa = PBXBuildFile; fileRef = C48520E425E832AD008AB748 /* Data.swift */; };
/* End PBXBuildFile section */

/* Begin PBXFileReference section */
		C47E5BF025E6629A00FB4E1B /* Roubaix.app */ = {isa = PBXFileReference; explicitFileType = wrapper.application; includeInIndex = 0; path = Roubaix.app; sourceTree = BUILT_PRODUCTS_DIR; };
		C47E5BF325E6629A00FB4E1B /* RoubaixApp.swift */ = {isa = PBXFileReference; lastKnownFileType = sourcecode.swift; path = RoubaixApp.swift; sourceTree = "<group>"; };
		C47E5BF525E6629A00FB4E1B /* ContentView.swift */ = {isa = PBXFileReference; lastKnownFileType = sourcecode.swift; path = ContentView.swift; sourceTree = "<group>"; };
		C47E5BF725E6629B00FB4E1B /* Assets.xcassets */ = {isa = PBXFileReference; lastKnownFileType = folder.assetcatalog; path = Assets.xcassets; sourceTree = "<group>"; };
		C47E5BFA25E6629B00FB4E1B /* Preview Assets.xcassets */ = {isa = PBXFileReference; lastKnownFileType = folder.assetcatalog; path = "Preview Assets.xcassets"; sourceTree = "<group>"; };
		C47E5BFC25E6629B00FB4E1B /* Info.plist */ = {isa = PBXFileReference; lastKnownFileType = text.plist.xml; path = Info.plist; sourceTree = "<group>"; };
		C48520DA25E81CE6008AB748 /* Workout.swift */ = {isa = PBXFileReference; lastKnownFileType = sourcecode.swift; path = Workout.swift; sourceTree = "<group>"; };
		C48520DD25E81D6B008AB748 /* Interval.swift */ = {isa = PBXFileReference; lastKnownFileType = sourcecode.swift; path = Interval.swift; sourceTree = "<group>"; };
		C48520E125E8317B008AB748 /* WorkoutDetail.swift */ = {isa = PBXFileReference; lastKnownFileType = sourcecode.swift; path = WorkoutDetail.swift; sourceTree = "<group>"; };
		C48520E425E832AD008AB748 /* Data.swift */ = {isa = PBXFileReference; lastKnownFileType = sourcecode.swift; path = Data.swift; sourceTree = "<group>"; };
/* End PBXFileReference section */

/* Begin PBXFrameworksBuildPhase section */
		C47E5BED25E6629A00FB4E1B /* Frameworks */ = {
			isa = PBXFrameworksBuildPhase;
			buildActionMask = 2147483647;
			files = (
			);
			runOnlyForDeploymentPostprocessing = 0;
		};
/* End PBXFrameworksBuildPhase section */

/* Begin PBXGroup section */
		C47E5BE725E6629A00FB4E1B = {
			isa = PBXGroup;
			children = (
				C47E5BF225E6629A00FB4E1B /* Roubaix */,
				C47E5BF125E6629A00FB4E1B /* Products */,
			);
			sourceTree = "<group>";
		};
		C47E5BF125E6629A00FB4E1B /* Products */ = {
			isa = PBXGroup;
			children = (
				C47E5BF025E6629A00FB4E1B /* Roubaix.app */,
			);
			name = Products;
			sourceTree = "<group>";
		};
		C47E5BF225E6629A00FB4E1B /* Roubaix */ = {
			isa = PBXGroup;
			children = (
				C47E5BF325E6629A00FB4E1B /* RoubaixApp.swift */,
				C47E5BF525E6629A00FB4E1B /* ContentView.swift */,
				C48520E125E8317B008AB748 /* WorkoutDetail.swift */,
				C47E5BF725E6629B00FB4E1B /* Assets.xcassets */,
				C47E5BFC25E6629B00FB4E1B /* Info.plist */,
				C47E5BF925E6629B00FB4E1B /* Preview Content */,
				C48520DA25E81CE6008AB748 /* Workout.swift */,
				C48520DD25E81D6B008AB748 /* Interval.swift */,
				C48520E425E832AD008AB748 /* Data.swift */,
			);
			path = Roubaix;
			sourceTree = "<group>";
		};
		C47E5BF925E6629B00FB4E1B /* Preview Content */ = {
			isa = PBXGroup;
			children = (
				C47E5BFA25E6629B00FB4E1B /* Preview Assets.xcassets */,
			);
			path = "Preview Content";
			sourceTree = "<group>";
		};
/* End PBXGroup section */

/* Begin PBXNativeTarget section */
		C47E5BEF25E6629A00FB4E1B /* Roubaix */ = {
			isa = PBXNativeTarget;
			buildConfigurationList = C47E5BFF25E6629B00FB4E1B /* Build configuration list for PBXNativeTarget "Roubaix" */;
			buildPhases = (
				C47E5BEC25E6629A00FB4E1B /* Sources */,
				C47E5BED25E6629A00FB4E1B /* Frameworks */,
				C47E5BEE25E6629A00FB4E1B /* Resources */,
			);
			buildRules = (
			);
			dependencies = (
			);
			name = Roubaix;
			productName = Roubaix;
			productReference = C47E5BF025E6629A00FB4E1B /* Roubaix.app */;
			productType = "com.apple.product-type.application";
		};
/* End PBXNativeTarget section */

/* Begin PBXProject section */
		C47E5BE825E6629A00FB4E1B /* Project object */ = {
			isa = PBXProject;
			attributes = {
				LastSwiftUpdateCheck = 1240;
				LastUpgradeCheck = 1240;
				TargetAttributes = {
					C47E5BEF25E6629A00FB4E1B = {
						CreatedOnToolsVersion = 12.4;
					};
				};
			};
			buildConfigurationList = C47E5BEB25E6629A00FB4E1B /* Build configuration list for PBXProject "Roubaix" */;
			compatibilityVersion = "Xcode 9.3";
			developmentRegion = en;
			hasScannedForEncodings = 0;
			knownRegions = (
				en,
				Base,
			);
			mainGroup = C47E5BE725E6629A00FB4E1B;
			productRefGroup = C47E5BF125E6629A00FB4E1B /* Products */;
			projectDirPath = "";
			projectRoot = "";
			targets = (
				C47E5BEF25E6629A00FB4E1B /* Roubaix */,
			);
		};
/* End PBXProject section */

/* Begin PBXResourcesBuildPhase section */
		C47E5BEE25E6629A00FB4E1B /* Resources */ = {
			isa = PBXResourcesBuildPhase;
			buildActionMask = 2147483647;
			files = (
				C47E5BFB25E6629B00FB4E1B /* Preview Assets.xcassets in Resources */,
				C47E5BF825E6629B00FB4E1B /* Assets.xcassets in Resources */,
			);
			runOnlyForDeploymentPostprocessing = 0;
		};
/* End PBXResourcesBuildPhase section */

/* Begin PBXSourcesBuildPhase section */
		C47E5BEC25E6629A00FB4E1B /* Sources */ = {
			isa = PBXSourcesBuildPhase;
			buildActionMask = 2147483647;
			files = (
				C48520DE25E81D6B008AB748 /* Interval.swift in Sources */,
				C48520E525E832AD008AB748 /* Data.swift in Sources */,
				C47E5BF625E6629A00FB4E1B /* ContentView.swift in Sources */,
				C47E5BF425E6629A00FB4E1B /* RoubaixApp.swift in Sources */,
				C48520E225E8317B008AB748 /* WorkoutDetail.swift in Sources */,
				C48520DB25E81CE6008AB748 /* Workout.swift in Sources */,
			);
			runOnlyForDeploymentPostprocessing = 0;
		};
/* End PBXSourcesBuildPhase section */

/* Begin XCBuildConfiguration section */
		C47E5BFD25E6629B00FB4E1B /* Debug */ = {
			isa = XCBuildConfiguration;
			buildSettings = {
				ALWAYS_SEARCH_USER_PATHS = NO;
				CLANG_ANALYZER_NONNULL = YES;
				CLANG_ANALYZER_NUMBER_OBJECT_CONVERSION = YES_AGGRESSIVE;
				CLANG_CXX_LANGUAGE_STANDARD = "gnu++14";
				CLANG_CXX_LIBRARY = "libc++";
				CLANG_ENABLE_MODULES = YES;
				CLANG_ENABLE_OBJC_ARC = YES;
				CLANG_ENABLE_OBJC_WEAK = YES;
				CLANG_WARN_BLOCK_CAPTURE_AUTORELEASING = YES;
				CLANG_WARN_BOOL_CONVERSION = YES;
				CLANG_WARN_COMMA = YES;
				CLANG_WARN_CONSTANT_CONVERSION = YES;
				CLANG_WARN_DEPRECATED_OBJC_IMPLEMENTATIONS = YES;
				CLANG_WARN_DIRECT_OBJC_ISA_USAGE = YES_ERROR;
				CLANG_WARN_DOCUMENTATION_COMMENTS = YES;
				CLANG_WARN_EMPTY_BODY = YES;
				CLANG_WARN_ENUM_CONVERSION = YES;
				CLANG_WARN_INFINITE_RECURSION = YES;
				CLANG_WARN_INT_CONVERSION = YES;
				CLANG_WARN_NON_LITERAL_NULL_CONVERSION = YES;
				CLANG_WARN_OBJC_IMPLICIT_RETAIN_SELF = YES;
				CLANG_WARN_OBJC_LITERAL_CONVERSION = YES;
				CLANG_WARN_OBJC_ROOT_CLASS = YES_ERROR;
				CLANG_WARN_QUOTED_INCLUDE_IN_FRAMEWORK_HEADER = YES;
				CLANG_WARN_RANGE_LOOP_ANALYSIS = YES;
				CLANG_WARN_STRICT_PROTOTYPES = YES;
				CLANG_WARN_SUSPICIOUS_MOVE = YES;
				CLANG_WARN_UNGUARDED_AVAILABILITY = YES_AGGRESSIVE;
				CLANG_WARN_UNREACHABLE_CODE = YES;
				CLANG_WARN__DUPLICATE_METHOD_MATCH = YES;
				COPY_PHASE_STRIP = NO;
				DEBUG_INFORMATION_FORMAT = dwarf;
				ENABLE_STRICT_OBJC_MSGSEND = YES;
				ENABLE_TESTABILITY = YES;
				GCC_C_LANGUAGE_STANDARD = gnu11;
				GCC_DYNAMIC_NO_PIC = NO;
				GCC_NO_COMMON_BLOCKS = YES;
				GCC_OPTIMIZATION_LEVEL = 0;
				GCC_PREPROCESSOR_DEFINITIONS = (
					"DEBUG=1",
					"$(inherited)",
				);
				GCC_WARN_64_TO_32_BIT_CONVERSION = YES;
				GCC_WARN_ABOUT_RETURN_TYPE = YES_ERROR;
				GCC_WARN_UNDECLARED_SELECTOR = YES;
				GCC_WARN_UNINITIALIZED_AUTOS = YES_AGGRESSIVE;
				GCC_WARN_UNUSED_FUNCTION = YES;
				GCC_WARN_UNUSED_VARIABLE = YES;
				IPHONEOS_DEPLOYMENT_TARGET = 14.4;
				MTL_ENABLE_DEBUG_INFO = INCLUDE_SOURCE;
				MTL_FAST_MATH = YES;
				ONLY_ACTIVE_ARCH = YES;
				SDKROOT = iphoneos;
				SWIFT_ACTIVE_COMPILATION_CONDITIONS = DEBUG;
				SWIFT_OPTIMIZATION_LEVEL = "-Onone";
			};
			name = Debug;
		};
		C47E5BFE25E6629B00FB4E1B /* Release */ = {
			isa = XCBuildConfiguration;
			buildSettings = {
				ALWAYS_SEARCH_USER_PATHS = NO;
				CLANG_ANALYZER_NONNULL = YES;
				CLANG_ANALYZER_NUMBER_OBJECT_CONVERSION = YES_AGGRESSIVE;
				CLANG_CXX_LANGUAGE_STANDARD = "gnu++14";
				CLANG_CXX_LIBRARY = "libc++";
				CLANG_ENABLE_MODULES = YES;
				CLANG_ENABLE_OBJC_ARC = YES;
				CLANG_ENABLE_OBJC_WEAK = YES;
				CLANG_WARN_BLOCK_CAPTURE_AUTORELEASING = YES;
				CLANG_WARN_BOOL_CONVERSION = YES;
				CLANG_WARN_COMMA = YES;
				CLANG_WARN_CONSTANT_CONVERSION = YES;
				CLANG_WARN_DEPRECATED_OBJC_IMPLEMENTATIONS = YES;
				CLANG_WARN_DIRECT_OBJC_ISA_USAGE = YES_ERROR;
				CLANG_WARN_DOCUMENTATION_COMMENTS = YES;
				CLANG_WARN_EMPTY_BODY = YES;
				CLANG_WARN_ENUM_CONVERSION = YES;
				CLANG_WARN_INFINITE_RECURSION = YES;
				CLANG_WARN_INT_CONVERSION = YES;
				CLANG_WARN_NON_LITERAL_NULL_CONVERSION = YES;
				CLANG_WARN_OBJC_IMPLICIT_RETAIN_SELF = YES;
				CLANG_WARN_OBJC_LITERAL_CONVERSION = YES;
				CLANG_WARN_OBJC_ROOT_CLASS = YES_ERROR;
				CLANG_WARN_QUOTED_INCLUDE_IN_FRAMEWORK_HEADER = YES;
				CLANG_WARN_RANGE_LOOP_ANALYSIS = YES;
				CLANG_WARN_STRICT_PROTOTYPES = YES;
				CLANG_WARN_SUSPICIOUS_MOVE = YES;
				CLANG_WARN_UNGUARDED_AVAILABILITY = YES_AGGRESSIVE;
				CLANG_WARN_UNREACHABLE_CODE = YES;
				CLANG_WARN__DUPLICATE_METHOD_MATCH = YES;
				COPY_PHASE_STRIP = NO;
				DEBUG_INFORMATION_FORMAT = "dwarf-with-dsym";
				ENABLE_NS_ASSERTIONS = NO;
				ENABLE_STRICT_OBJC_MSGSEND = YES;
				GCC_C_LANGUAGE_STANDARD = gnu11;
				GCC_NO_COMMON_BLOCKS = YES;
				GCC_WARN_64_TO_32_BIT_CONVERSION = YES;
				GCC_WARN_ABOUT_RETURN_TYPE = YES_ERROR;
				GCC_WARN_UNDECLARED_SELECTOR = YES;
				GCC_WARN_UNINITIALIZED_AUTOS = YES_AGGRESSIVE;
				GCC_WARN_UNUSED_FUNCTION = YES;
				GCC_WARN_UNUSED_VARIABLE = YES;
				IPHONEOS_DEPLOYMENT_TARGET = 14.4;
				MTL_ENABLE_DEBUG_INFO = NO;
				MTL_FAST_MATH = YES;
				SDKROOT = iphoneos;
				SWIFT_COMPILATION_MODE = wholemodule;
				SWIFT_OPTIMIZATION_LEVEL = "-O";
				VALIDATE_PRODUCT = YES;
			};
			name = Release;
		};
		C47E5C0025E6629B00FB4E1B /* Debug */ = {
			isa = XCBuildConfiguration;
			buildSettings = {
				ASSETCATALOG_COMPILER_APPICON_NAME = AppIcon;
				ASSETCATALOG_COMPILER_GLOBAL_ACCENT_COLOR_NAME = AccentColor;
				CODE_SIGN_STYLE = Automatic;
				DEVELOPMENT_ASSET_PATHS = "\"Roubaix/Preview Content\"";
				ENABLE_PREVIEWS = YES;
				INFOPLIST_FILE = Roubaix/Info.plist;
				IPHONEOS_DEPLOYMENT_TARGET = 14.0;
				LD_RUNPATH_SEARCH_PATHS = (
					"$(inherited)",
					"@executable_path/Frameworks",
				);
				PRODUCT_BUNDLE_IDENTIFIER = com.durran.Roubaix;
				PRODUCT_NAME = "$(TARGET_NAME)";
				SWIFT_VERSION = 5.0;
				TARGETED_DEVICE_FAMILY = "1,2";
			};
			name = Debug;
		};
		C47E5C0125E6629B00FB4E1B /* Release */ = {
			isa = XCBuildConfiguration;
			buildSettings = {
				ASSETCATALOG_COMPILER_APPICON_NAME = AppIcon;
				ASSETCATALOG_COMPILER_GLOBAL_ACCENT_COLOR_NAME = AccentColor;
				CODE_SIGN_STYLE = Automatic;
				DEVELOPMENT_ASSET_PATHS = "\"Roubaix/Preview Content\"";
				ENABLE_PREVIEWS = YES;
				INFOPLIST_FILE = Roubaix/Info.plist;
				IPHONEOS_DEPLOYMENT_TARGET = 14.0;
				LD_RUNPATH_SEARCH_PATHS = (
					"$(inherited)",
					"@executable_path/Frameworks",
				);
				PRODUCT_BUNDLE_IDENTIFIER = com.durran.Roubaix;
				PRODUCT_NAME = "$(TARGET_NAME)";
				SWIFT_VERSION = 5.0;
				TARGETED_DEVICE_FAMILY = "1,2";
			};
			name = Release;
		};
/* End XCBuildConfiguration section */

/* Begin XCConfigurationList section */
		C47E5BEB25E6629A00FB4E1B /* Build configuration list for PBXProject "Roubaix" */ = {
			isa = XCConfigurationList;
			buildConfigurations = (
				C47E5BFD25E6629B00FB4E1B /* Debug */,
				C47E5BFE25E6629B00FB4E1B /* Release */,
			);
			defaultConfigurationIsVisible = 0;
			defaultConfigurationName = Release;
		};
		C47E5BFF25E6629B00FB4E1B /* Build configuration list for PBXNativeTarget "Roubaix" */ = {
			isa = XCConfigurationList;
			buildConfigurations = (
				C47E5C0025E6629B00FB4E1B /* Debug */,
				C47E5C0125E6629B00FB4E1B /* Release */,
			);
			defaultConfigurationIsVisible = 0;
			defaultConfigurationName = Release;
		};
/* End XCConfigurationList section */
	};
	rootObject = C47E5BE825E6629A00FB4E1B /* Project object */;
}
